
Microsoft Visual Studio Solution File, Format Version 12.00
# Visual Studio Version 17
VisualStudioVersion = 17.8.34601.278
MinimumVisualStudioVersion = 10.0.40219.1
Project("{FAE04EC0-301F-11D3-BF4B-00C04F79EFBC}") = "BulkyWeb", "BulkyWeb\BulkyWeb.csproj", "{6324F55E-B226-41A8-AA9F-AF7C1D0B1795}"
EndProject
Global
	GlobalSection(SolutionConfigurationPlatforms) = preSolution
		Debug|Any CPU = Debug|Any CPU
		Release|Any CPU = Release|Any CPU
	EndGlobalSection
	GlobalSection(ProjectConfigurationPlatforms) = postSolution
		{6324F55E-B226-41A8-AA9F-AF7C1D0B1795}.Debug|Any CPU.ActiveCfg = Debug|Any CPU
		{6324F55E-B226-41A8-AA9F-AF7C1D0B1795}.Debug|Any CPU.Build.0 = Debug|Any CPU
		{6324F55E-B226-41A8-AA9F-AF7C1D0B1795}.Release|Any CPU.ActiveCfg = Release|Any CPU
		{6324F55E-B226-41A8-AA9F-AF7C1D0B1795}.Release|Any CPU.Build.0 = Release|Any CPU
	EndGlobalSection
	GlobalSection(SolutionProperties) = preSolution
		HideSolutionNode = FALSE
	EndGlobalSection
	GlobalSection(ExtensibilityGlobals) = postSolution
		SolutionGuid = {8A55547F-A862-4BF2-AB36-337AC3F884AC}
	EndGlobalSection
EndGlobal
